
Microsoft Visual Studio Solution File, Format Version 12.00
# Visual Studio 15
VisualStudioVersion = 15.0.27428.2037
MinimumVisualStudioVersion = 10.0.40219.1
Project("{FAE04EC0-301F-11D3-BF4B-00C04F79EFBC}") = "FileWriterService", "FileWriterService\FileWriterService.csproj", "{61BD7664-1FC5-4EBB-88FD-41B20F852797}"
EndProject
Global
	GlobalSection(SolutionConfigurationPlatforms) = preSolution
		Debug|Any CPU = Debug|Any CPU
		Release|Any CPU = Release|Any CPU
	EndGlobalSection
	GlobalSection(ProjectConfigurationPlatforms) = postSolution
		{61BD7664-1FC5-4EBB-88FD-41B20F852797}.Debug|Any CPU.ActiveCfg = Debug|Any CPU
		{61BD7664-1FC5-4EBB-88FD-41B20F852797}.Debug|Any CPU.Build.0 = Debug|Any CPU
		{61BD7664-1FC5-4EBB-88FD-41B20F852797}.Release|Any CPU.ActiveCfg = Release|Any CPU
		{61BD7664-1FC5-4EBB-88FD-41B20F852797}.Release|Any CPU.Build.0 = Release|Any CPU
	EndGlobalSection
	GlobalSection(SolutionProperties) = preSolution
		HideSolutionNode = FALSE
	EndGlobalSection
	GlobalSection(ExtensibilityGlobals) = postSolution
		SolutionGuid = {8A79215C-8E01-4939-A50A-E1F75F3FA518}
	EndGlobalSection
EndGlobal
